// !$*UTF8*$!
{
	archiveVersion = 1;
	classes = {
	};
	objectVersion = 51;
	objects = {

/* Begin PBXBuildFile section */
		0C03F3BE263D86A700202A55 /* BaseTabBar.storyboard in Resources */ = {isa = PBXBuildFile; fileRef = 0C03F3BD263D86A600202A55 /* BaseTabBar.storyboard */; };
		0C03F3C9263D88B200202A55 /* BaseTabBarController.swift in Sources */ = {isa = PBXBuildFile; fileRef = 0C03F3C8263D88B200202A55 /* BaseTabBarController.swift */; };
		0C03F3D3263D901C00202A55 /* UIImage-extension.swift in Sources */ = {isa = PBXBuildFile; fileRef = 0C03F3D2263D901C00202A55 /* UIImage-extension.swift */; };
		0C0EBA35263B12A20094C2CC /* AppDelegate.swift in Sources */ = {isa = PBXBuildFile; fileRef = 0C0EBA34263B12A20094C2CC /* AppDelegate.swift */; };
		0C0EBA37263B12A20094C2CC /* SceneDelegate.swift in Sources */ = {isa = PBXBuildFile; fileRef = 0C0EBA36263B12A20094C2CC /* SceneDelegate.swift */; };
		0C0EBA39263B12A20094C2CC /* VideoListController.swift in Sources */ = {isa = PBXBuildFile; fileRef = 0C0EBA38263B12A20094C2CC /* VideoListController.swift */; };
		0C0EBA3C263B12A20094C2CC /* Home.storyboard in Resources */ = {isa = PBXBuildFile; fileRef = 0C0EBA3A263B12A20094C2CC /* Home.storyboard */; };
		0C0EBA3E263B12A60094C2CC /* Assets.xcassets in Resources */ = {isa = PBXBuildFile; fileRef = 0C0EBA3D263B12A60094C2CC /* Assets.xcassets */; };
		0C0EBA41263B12A60094C2CC /* LaunchScreen.storyboard in Resources */ = {isa = PBXBuildFile; fileRef = 0C0EBA3F263B12A60094C2CC /* LaunchScreen.storyboard */; };
		0C0EBA4C263B12A60094C2CC /* MockYouTubeAppTests.swift in Sources */ = {isa = PBXBuildFile; fileRef = 0C0EBA4B263B12A60094C2CC /* MockYouTubeAppTests.swift */; };
		0C0EBA57263B12A60094C2CC /* MockYouTubeAppUITests.swift in Sources */ = {isa = PBXBuildFile; fileRef = 0C0EBA56263B12A60094C2CC /* MockYouTubeAppUITests.swift */; };
		0C0EBA69263B16A40094C2CC /* VideoListCell.swift in Sources */ = {isa = PBXBuildFile; fileRef = 0C0EBA68263B16A40094C2CC /* VideoListCell.swift */; };
		0C0EBA7A263B178F0094C2CC /* VideoListCell.xib in Resources */ = {isa = PBXBuildFile; fileRef = 0C0EBA79263B178F0094C2CC /* VideoListCell.xib */; };
		0C0EBA8D263B2D380094C2CC /* Video.swift in Sources */ = {isa = PBXBuildFile; fileRef = 0C0EBA8C263B2D380094C2CC /* Video.swift */; };
		0C3C1FAF263C0D6100238732 /* API.swift in Sources */ = {isa = PBXBuildFile; fileRef = 0C3C1FAE263C0D6100238732 /* API.swift */; };
		0C46EC90264032CB00B565CF /* AttensionCell.swift in Sources */ = {isa = PBXBuildFile; fileRef = 0C46EC8F264032CB00B565CF /* AttensionCell.swift */; };
		0C46EC9826403AD500B565CF /* AttensionCollectionViewCell.swift in Sources */ = {isa = PBXBuildFile; fileRef = 0C46EC9726403AD500B565CF /* AttensionCollectionViewCell.swift */; };
		0C46EC9D26403B4200B565CF /* AttensionCollectionViewCell.xib in Resources */ = {isa = PBXBuildFile; fileRef = 0C46EC9C26403B4200B565CF /* AttensionCollectionViewCell.xib */; };
		0C5A2D07263EDDC900EF0F16 /* Search.storyboard in Resources */ = {isa = PBXBuildFile; fileRef = 0C5A2D06263EDDC900EF0F16 /* Search.storyboard */; };
		0C5A2D0C263EDE1300EF0F16 /* Channel.storyboard in Resources */ = {isa = PBXBuildFile; fileRef = 0C5A2D0B263EDE1300EF0F16 /* Channel.storyboard */; };
		0C5A2D11263EDE7300EF0F16 /* Inbox.storyboard in Resources */ = {isa = PBXBuildFile; fileRef = 0C5A2D10263EDE7300EF0F16 /* Inbox.storyboard */; };
		0C5A2D16263EDE8700EF0F16 /* Library.storyboard in Resources */ = {isa = PBXBuildFile; fileRef = 0C5A2D15263EDE8700EF0F16 /* Library.storyboard */; };
		0C742C3C26415ABC00BF5ACE /* VideoViewController.swift in Sources */ = {isa = PBXBuildFile; fileRef = 0C742C3B26415ABC00BF5ACE /* VideoViewController.swift */; };
		0CAE7E972649B82E0069DD2C /* Video.storyboard in Resources */ = {isa = PBXBuildFile; fileRef = 0CAE7E962649B82E0069DD2C /* Video.storyboard */; };
		0CCA74A6263BD52A00C33606 /* Channel.swift in Sources */ = {isa = PBXBuildFile; fileRef = 0CCA74A5263BD52A00C33606 /* Channel.swift */; };
		6B169F5E1D8DD67DD478DD0A /* Pods_MockYouTubeApp_MockYouTubeAppUITests.framework in Frameworks */ = {isa = PBXBuildFile; fileRef = FA0E0E5F76B42715CE0ACAA9 /* Pods_MockYouTubeApp_MockYouTubeAppUITests.framework */; };
		BC36A9C56211A13B7FF53796 /* Pods_MockYouTubeApp.framework in Frameworks */ = {isa = PBXBuildFile; fileRef = EB36AD1384FC3523FB6A71EB /* Pods_MockYouTubeApp.framework */; };
		F0541DCCA54895E299AAE0D1 /* Pods_MockYouTubeAppTests.framework in Frameworks */ = {isa = PBXBuildFile; fileRef = 3643F9D64882EB333564FF07 /* Pods_MockYouTubeAppTests.framework */; };
/* End PBXBuildFile section */

/* Begin PBXContainerItemProxy section */
		0C0EBA48263B12A60094C2CC /* PBXContainerItemProxy */ = {
			isa = PBXContainerItemProxy;
			containerPortal = 0C0EBA29263B12A10094C2CC /* Project object */;
			proxyType = 1;
			remoteGlobalIDString = 0C0EBA30263B12A10094C2CC;
			remoteInfo = MockYouTubeApp;
		};
		0C0EBA53263B12A60094C2CC /* PBXContainerItemProxy */ = {
			isa = PBXContainerItemProxy;
			containerPortal = 0C0EBA29263B12A10094C2CC /* Project object */;
			proxyType = 1;
			remoteGlobalIDString = 0C0EBA30263B12A10094C2CC;
			remoteInfo = MockYouTubeApp;
		};
/* End PBXContainerItemProxy section */

/* Begin PBXFileReference section */
		0C03F3BD263D86A600202A55 /* BaseTabBar.storyboard */ = {isa = PBXFileReference; lastKnownFileType = file.storyboard; path = BaseTabBar.storyboard; sourceTree = "<group>"; };
		0C03F3C8263D88B200202A55 /* BaseTabBarController.swift */ = {isa = PBXFileReference; lastKnownFileType = sourcecode.swift; path = BaseTabBarController.swift; sourceTree = "<group>"; };
		0C03F3D2263D901C00202A55 /* UIImage-extension.swift */ = {isa = PBXFileReference; lastKnownFileType = sourcecode.swift; path = "UIImage-extension.swift"; sourceTree = "<group>"; };
		0C0EBA31263B12A20094C2CC /* MockYouTubeApp.app */ = {isa = PBXFileReference; explicitFileType = wrapper.application; includeInIndex = 0; path = MockYouTubeApp.app; sourceTree = BUILT_PRODUCTS_DIR; };
		0C0EBA34263B12A20094C2CC /* AppDelegate.swift */ = {isa = PBXFileReference; lastKnownFileType = sourcecode.swift; path = AppDelegate.swift; sourceTree = "<group>"; };
		0C0EBA36263B12A20094C2CC /* SceneDelegate.swift */ = {isa = PBXFileReference; lastKnownFileType = sourcecode.swift; path = SceneDelegate.swift; sourceTree = "<group>"; };
		0C0EBA38263B12A20094C2CC /* VideoListController.swift */ = {isa = PBXFileReference; lastKnownFileType = sourcecode.swift; path = VideoListController.swift; sourceTree = "<group>"; };
		0C0EBA3B263B12A20094C2CC /* Base */ = {isa = PBXFileReference; lastKnownFileType = file.storyboard; name = Base; path = Base.lproj/Home.storyboard; sourceTree = "<group>"; };
		0C0EBA3D263B12A60094C2CC /* Assets.xcassets */ = {isa = PBXFileReference; lastKnownFileType = folder.assetcatalog; path = Assets.xcassets; sourceTree = "<group>"; };
		0C0EBA40263B12A60094C2CC /* Base */ = {isa = PBXFileReference; lastKnownFileType = file.storyboard; name = Base; path = Base.lproj/LaunchScreen.storyboard; sourceTree = "<group>"; };
		0C0EBA42263B12A60094C2CC /* Info.plist */ = {isa = PBXFileReference; lastKnownFileType = text.plist.xml; path = Info.plist; sourceTree = "<group>"; };
		0C0EBA47263B12A60094C2CC /* MockYouTubeAppTests.xctest */ = {isa = PBXFileReference; explicitFileType = wrapper.cfbundle; includeInIndex = 0; path = MockYouTubeAppTests.xctest; sourceTree = BUILT_PRODUCTS_DIR; };
		0C0EBA4B263B12A60094C2CC /* MockYouTubeAppTests.swift */ = {isa = PBXFileReference; lastKnownFileType = sourcecode.swift; path = MockYouTubeAppTests.swift; sourceTree = "<group>"; };
		0C0EBA4D263B12A60094C2CC /* Info.plist */ = {isa = PBXFileReference; lastKnownFileType = text.plist.xml; path = Info.plist; sourceTree = "<group>"; };
		0C0EBA52263B12A60094C2CC /* MockYouTubeAppUITests.xctest */ = {isa = PBXFileReference; explicitFileType = wrapper.cfbundle; includeInIndex = 0; path = MockYouTubeAppUITests.xctest; sourceTree = BUILT_PRODUCTS_DIR; };
		0C0EBA56263B12A60094C2CC /* MockYouTubeAppUITests.swift */ = {isa = PBXFileReference; lastKnownFileType = sourcecode.swift; path = MockYouTubeAppUITests.swift; sourceTree = "<group>"; };
		0C0EBA58263B12A60094C2CC /* Info.plist */ = {isa = PBXFileReference; lastKnownFileType = text.plist.xml; path = Info.plist; sourceTree = "<group>"; };
		0C0EBA68263B16A40094C2CC /* VideoListCell.swift */ = {isa = PBXFileReference; lastKnownFileType = sourcecode.swift; path = VideoListCell.swift; sourceTree = "<group>"; };
		0C0EBA79263B178F0094C2CC /* VideoListCell.xib */ = {isa = PBXFileReference; lastKnownFileType = file.xib; path = VideoListCell.xib; sourceTree = "<group>"; };
		0C0EBA8C263B2D380094C2CC /* Video.swift */ = {isa = PBXFileReference; lastKnownFileType = sourcecode.swift; path = Video.swift; sourceTree = "<group>"; };
		0C3C1FAE263C0D6100238732 /* API.swift */ = {isa = PBXFileReference; lastKnownFileType = sourcecode.swift; path = API.swift; sourceTree = "<group>"; };
		0C46EC8F264032CB00B565CF /* AttensionCell.swift */ = {isa = PBXFileReference; lastKnownFileType = sourcecode.swift; path = AttensionCell.swift; sourceTree = "<group>"; };
		0C46EC9726403AD500B565CF /* AttensionCollectionViewCell.swift */ = {isa = PBXFileReference; lastKnownFileType = sourcecode.swift; path = AttensionCollectionViewCell.swift; sourceTree = "<group>"; };
		0C46EC9C26403B4200B565CF /* AttensionCollectionViewCell.xib */ = {isa = PBXFileReference; lastKnownFileType = file.xib; path = AttensionCollectionViewCell.xib; sourceTree = "<group>"; };
		0C5A2D06263EDDC900EF0F16 /* Search.storyboard */ = {isa = PBXFileReference; lastKnownFileType = file.storyboard; path = Search.storyboard; sourceTree = "<group>"; };
		0C5A2D0B263EDE1300EF0F16 /* Channel.storyboard */ = {isa = PBXFileReference; lastKnownFileType = file.storyboard; path = Channel.storyboard; sourceTree = "<group>"; };
		0C5A2D10263EDE7300EF0F16 /* Inbox.storyboard */ = {isa = PBXFileReference; lastKnownFileType = file.storyboard; path = Inbox.storyboard; sourceTree = "<group>"; };
		0C5A2D15263EDE8700EF0F16 /* Library.storyboard */ = {isa = PBXFileReference; lastKnownFileType = file.storyboard; path = Library.storyboard; sourceTree = "<group>"; };
		0C742C3B26415ABC00BF5ACE /* VideoViewController.swift */ = {isa = PBXFileReference; fileEncoding = 4; lastKnownFileType = sourcecode.swift; path = VideoViewController.swift; sourceTree = "<group>"; };
		0CAE7E962649B82E0069DD2C /* Video.storyboard */ = {isa = PBXFileReference; fileEncoding = 4; lastKnownFileType = file.storyboard; path = Video.storyboard; sourceTree = "<group>"; };
		0CCA74A5263BD52A00C33606 /* Channel.swift */ = {isa = PBXFileReference; lastKnownFileType = sourcecode.swift; path = Channel.swift; sourceTree = "<group>"; };
		2E7336FB9B8DB6110F382B34 /* Pods-MockYouTubeAppTests.release.xcconfig */ = {isa = PBXFileReference; includeInIndex = 1; lastKnownFileType = text.xcconfig; name = "Pods-MockYouTubeAppTests.release.xcconfig"; path = "Target Support Files/Pods-MockYouTubeAppTests/Pods-MockYouTubeAppTests.release.xcconfig"; sourceTree = "<group>"; };
		34D575FC8D1C863F718D24B0 /* Pods-MockYouTubeApp-MockYouTubeAppUITests.debug.xcconfig */ = {isa = PBXFileReference; includeInIndex = 1; lastKnownFileType = text.xcconfig; name = "Pods-MockYouTubeApp-MockYouTubeAppUITests.debug.xcconfig"; path = "Target Support Files/Pods-MockYouTubeApp-MockYouTubeAppUITests/Pods-MockYouTubeApp-MockYouTubeAppUITests.debug.xcconfig"; sourceTree = "<group>"; };
		3643F9D64882EB333564FF07 /* Pods_MockYouTubeAppTests.framework */ = {isa = PBXFileReference; explicitFileType = wrapper.framework; includeInIndex = 0; path = Pods_MockYouTubeAppTests.framework; sourceTree = BUILT_PRODUCTS_DIR; };
		991C4116A0ACD95A00F31CB6 /* Pods-MockYouTubeApp-MockYouTubeAppUITests.release.xcconfig */ = {isa = PBXFileReference; includeInIndex = 1; lastKnownFileType = text.xcconfig; name = "Pods-MockYouTubeApp-MockYouTubeAppUITests.release.xcconfig"; path = "Target Support Files/Pods-MockYouTubeApp-MockYouTubeAppUITests/Pods-MockYouTubeApp-MockYouTubeAppUITests.release.xcconfig"; sourceTree = "<group>"; };
		BA0C8F794CA68B97B66C0F45 /* Pods-MockYouTubeApp.debug.xcconfig */ = {isa = PBXFileReference; includeInIndex = 1; lastKnownFileType = text.xcconfig; name = "Pods-MockYouTubeApp.debug.xcconfig"; path = "Target Support Files/Pods-MockYouTubeApp/Pods-MockYouTubeApp.debug.xcconfig"; sourceTree = "<group>"; };
		CAB4DD61CD60FF0106C03054 /* Pods-MockYouTubeAppTests.debug.xcconfig */ = {isa = PBXFileReference; includeInIndex = 1; lastKnownFileType = text.xcconfig; name = "Pods-MockYouTubeAppTests.debug.xcconfig"; path = "Target Support Files/Pods-MockYouTubeAppTests/Pods-MockYouTubeAppTests.debug.xcconfig"; sourceTree = "<group>"; };
		DBE287938987D4055020671D /* Pods-MockYouTubeApp.release.xcconfig */ = {isa = PBXFileReference; includeInIndex = 1; lastKnownFileType = text.xcconfig; name = "Pods-MockYouTubeApp.release.xcconfig"; path = "Target Support Files/Pods-MockYouTubeApp/Pods-MockYouTubeApp.release.xcconfig"; sourceTree = "<group>"; };
		EB36AD1384FC3523FB6A71EB /* Pods_MockYouTubeApp.framework */ = {isa = PBXFileReference; explicitFileType = wrapper.framework; includeInIndex = 0; path = Pods_MockYouTubeApp.framework; sourceTree = BUILT_PRODUCTS_DIR; };
		FA0E0E5F76B42715CE0ACAA9 /* Pods_MockYouTubeApp_MockYouTubeAppUITests.framework */ = {isa = PBXFileReference; explicitFileType = wrapper.framework; includeInIndex = 0; path = Pods_MockYouTubeApp_MockYouTubeAppUITests.framework; sourceTree = BUILT_PRODUCTS_DIR; };
/* End PBXFileReference section */

/* Begin PBXFrameworksBuildPhase section */
		0C0EBA2E263B12A10094C2CC /* Frameworks */ = {
			isa = PBXFrameworksBuildPhase;
			buildActionMask = 2147483647;
			files = (
				BC36A9C56211A13B7FF53796 /* Pods_MockYouTubeApp.framework in Frameworks */,
			);
			runOnlyForDeploymentPostprocessing = 0;
		};
		0C0EBA44263B12A60094C2CC /* Frameworks */ = {
			isa = PBXFrameworksBuildPhase;
			buildActionMask = 2147483647;
			files = (
				F0541DCCA54895E299AAE0D1 /* Pods_MockYouTubeAppTests.framework in Frameworks */,
			);
			runOnlyForDeploymentPostprocessing = 0;
		};
		0C0EBA4F263B12A60094C2CC /* Frameworks */ = {
			isa = PBXFrameworksBuildPhase;
			buildActionMask = 2147483647;
			files = (
				6B169F5E1D8DD67DD478DD0A /* Pods_MockYouTubeApp_MockYouTubeAppUITests.framework in Frameworks */,
			);
			runOnlyForDeploymentPostprocessing = 0;
		};
/* End PBXFrameworksBuildPhase section */

/* Begin PBXGroup section */
		0C03F3CD263D88BD00202A55 /* ViewContollers */ = {
			isa = PBXGroup;
			children = (
				0C03F3C8263D88B200202A55 /* BaseTabBarController.swift */,
				0C0EBA38263B12A20094C2CC /* VideoListController.swift */,
				0C742C3B26415ABC00BF5ACE /* VideoViewController.swift */,
			);
			path = ViewContollers;
			sourceTree = "<group>";
		};
		0C03F3D1263D8FFD00202A55 /* Extensions */ = {
			isa = PBXGroup;
			children = (
				0C03F3D2263D901C00202A55 /* UIImage-extension.swift */,
			);
			path = Extensions;
			sourceTree = "<group>";
		};
		0C0EBA28263B12A10094C2CC = {
			isa = PBXGroup;
			children = (
				0C0EBA33263B12A20094C2CC /* MockYouTubeApp */,
				0C0EBA4A263B12A60094C2CC /* MockYouTubeAppTests */,
				0C0EBA55263B12A60094C2CC /* MockYouTubeAppUITests */,
				0C0EBA32263B12A20094C2CC /* Products */,
				4A7085312EDD226877E4E4D0 /* Pods */,
				B9A19B2CA22923A539FE2BD9 /* Frameworks */,
			);
			sourceTree = "<group>";
		};
		0C0EBA32263B12A20094C2CC /* Products */ = {
			isa = PBXGroup;
			children = (
				0C0EBA31263B12A20094C2CC /* MockYouTubeApp.app */,
				0C0EBA47263B12A60094C2CC /* MockYouTubeAppTests.xctest */,
				0C0EBA52263B12A60094C2CC /* MockYouTubeAppUITests.xctest */,
			);
			name = Products;
			sourceTree = "<group>";
		};
		0C0EBA33263B12A20094C2CC /* MockYouTubeApp */ = {
			isa = PBXGroup;
			children = (
				0C5A2D02263EDD6E00EF0F16 /* StoryBoards */,
				0C03F3D1263D8FFD00202A55 /* Extensions */,
				0C3C1FAD263C0D4100238732 /* Service */,
				0C0EBA8B263B2D1A0094C2CC /* Models */,
				0C0EBA70263B17460094C2CC /* Xibs */,
				0C0EBA67263B168F0094C2CC /* Cells */,
				0C03F3CD263D88BD00202A55 /* ViewContollers */,
				0C0EBA34263B12A20094C2CC /* AppDelegate.swift */,
				0C0EBA36263B12A20094C2CC /* SceneDelegate.swift */,
				0C0EBA3D263B12A60094C2CC /* Assets.xcassets */,
				0C0EBA3F263B12A60094C2CC /* LaunchScreen.storyboard */,
				0C0EBA42263B12A60094C2CC /* Info.plist */,
			);
			path = MockYouTubeApp;
			sourceTree = "<group>";
		};
		0C0EBA4A263B12A60094C2CC /* MockYouTubeAppTests */ = {
			isa = PBXGroup;
			children = (
				0C0EBA4B263B12A60094C2CC /* MockYouTubeAppTests.swift */,
				0C0EBA4D263B12A60094C2CC /* Info.plist */,
			);
			path = MockYouTubeAppTests;
			sourceTree = "<group>";
		};
		0C0EBA55263B12A60094C2CC /* MockYouTubeAppUITests */ = {
			isa = PBXGroup;
			children = (
				0C0EBA56263B12A60094C2CC /* MockYouTubeAppUITests.swift */,
				0C0EBA58263B12A60094C2CC /* Info.plist */,
			);
			path = MockYouTubeAppUITests;
			sourceTree = "<group>";
		};
		0C0EBA67263B168F0094C2CC /* Cells */ = {
			isa = PBXGroup;
			children = (
				0C0EBA68263B16A40094C2CC /* VideoListCell.swift */,
				0C46EC8F264032CB00B565CF /* AttensionCell.swift */,
				0C46EC9726403AD500B565CF /* AttensionCollectionViewCell.swift */,
			);
			path = Cells;
			sourceTree = "<group>";
		};
		0C0EBA70263B17460094C2CC /* Xibs */ = {
			isa = PBXGroup;
			children = (
				0C0EBA79263B178F0094C2CC /* VideoListCell.xib */,
				0C46EC9C26403B4200B565CF /* AttensionCollectionViewCell.xib */,
			);
			path = Xibs;
			sourceTree = "<group>";
		};
		0C0EBA8B263B2D1A0094C2CC /* Models */ = {
			isa = PBXGroup;
			children = (
				0C0EBA8C263B2D380094C2CC /* Video.swift */,
				0CCA74A5263BD52A00C33606 /* Channel.swift */,
			);
			path = Models;
			sourceTree = "<group>";
		};
		0C3C1FAD263C0D4100238732 /* Service */ = {
			isa = PBXGroup;
			children = (
				0C3C1FAE263C0D6100238732 /* API.swift */,
			);
			path = Service;
			sourceTree = "<group>";
		};
		0C5A2D02263EDD6E00EF0F16 /* StoryBoards */ = {
			isa = PBXGroup;
			children = (
				0C0EBA3A263B12A20094C2CC /* Home.storyboard */,
				0C03F3BD263D86A600202A55 /* BaseTabBar.storyboard */,
				0C5A2D06263EDDC900EF0F16 /* Search.storyboard */,
				0C5A2D0B263EDE1300EF0F16 /* Channel.storyboard */,
				0C5A2D10263EDE7300EF0F16 /* Inbox.storyboard */,
				0C5A2D15263EDE8700EF0F16 /* Library.storyboard */,
				0CAE7E962649B82E0069DD2C /* Video.storyboard */,
			);
			path = StoryBoards;
			sourceTree = "<group>";
		};
		4A7085312EDD226877E4E4D0 /* Pods */ = {
			isa = PBXGroup;
			children = (
				BA0C8F794CA68B97B66C0F45 /* Pods-MockYouTubeApp.debug.xcconfig */,
				DBE287938987D4055020671D /* Pods-MockYouTubeApp.release.xcconfig */,
				34D575FC8D1C863F718D24B0 /* Pods-MockYouTubeApp-MockYouTubeAppUITests.debug.xcconfig */,
				991C4116A0ACD95A00F31CB6 /* Pods-MockYouTubeApp-MockYouTubeAppUITests.release.xcconfig */,
				CAB4DD61CD60FF0106C03054 /* Pods-MockYouTubeAppTests.debug.xcconfig */,
				2E7336FB9B8DB6110F382B34 /* Pods-MockYouTubeAppTests.release.xcconfig */,
			);
			path = Pods;
			sourceTree = "<group>";
		};
		B9A19B2CA22923A539FE2BD9 /* Frameworks */ = {
			isa = PBXGroup;
			children = (
				EB36AD1384FC3523FB6A71EB /* Pods_MockYouTubeApp.framework */,
				FA0E0E5F76B42715CE0ACAA9 /* Pods_MockYouTubeApp_MockYouTubeAppUITests.framework */,
				3643F9D64882EB333564FF07 /* Pods_MockYouTubeAppTests.framework */,
			);
			name = Frameworks;
			sourceTree = "<group>";
		};
/* End PBXGroup section */

/* Begin PBXNativeTarget section */
		0C0EBA30263B12A10094C2CC /* MockYouTubeApp */ = {
			isa = PBXNativeTarget;
			buildConfigurationList = 0C0EBA5B263B12A60094C2CC /* Build configuration list for PBXNativeTarget "MockYouTubeApp" */;
			buildPhases = (
				DC4AA10377AF19FA7E265076 /* [CP] Check Pods Manifest.lock */,
				0C0EBA2D263B12A10094C2CC /* Sources */,
				0C0EBA2E263B12A10094C2CC /* Frameworks */,
				0C0EBA2F263B12A10094C2CC /* Resources */,
				D15DE3681FC0F024B6BA5689 /* [CP] Embed Pods Frameworks */,
			);
			buildRules = (
			);
			dependencies = (
			);
			name = MockYouTubeApp;
			productName = MockYouTubeApp;
			productReference = 0C0EBA31263B12A20094C2CC /* MockYouTubeApp.app */;
			productType = "com.apple.product-type.application";
		};
		0C0EBA46263B12A60094C2CC /* MockYouTubeAppTests */ = {
			isa = PBXNativeTarget;
			buildConfigurationList = 0C0EBA5E263B12A60094C2CC /* Build configuration list for PBXNativeTarget "MockYouTubeAppTests" */;
			buildPhases = (
				B4197E2C134F4AD3E8EFB232 /* [CP] Check Pods Manifest.lock */,
				0C0EBA43263B12A60094C2CC /* Sources */,
				0C0EBA44263B12A60094C2CC /* Frameworks */,
				0C0EBA45263B12A60094C2CC /* Resources */,
			);
			buildRules = (
			);
			dependencies = (
				0C0EBA49263B12A60094C2CC /* PBXTargetDependency */,
			);
			name = MockYouTubeAppTests;
			productName = MockYouTubeAppTests;
			productReference = 0C0EBA47263B12A60094C2CC /* MockYouTubeAppTests.xctest */;
			productType = "com.apple.product-type.bundle.unit-test";
		};
		0C0EBA51263B12A60094C2CC /* MockYouTubeAppUITests */ = {
			isa = PBXNativeTarget;
			buildConfigurationList = 0C0EBA61263B12A60094C2CC /* Build configuration list for PBXNativeTarget "MockYouTubeAppUITests" */;
			buildPhases = (
				0C8C3FAEC669D186D4D941FE /* [CP] Check Pods Manifest.lock */,
				0C0EBA4E263B12A60094C2CC /* Sources */,
				0C0EBA4F263B12A60094C2CC /* Frameworks */,
				0C0EBA50263B12A60094C2CC /* Resources */,
				633C4015CBAF27E84CE524EC /* [CP] Embed Pods Frameworks */,
			);
			buildRules = (
			);
			dependencies = (
				0C0EBA54263B12A60094C2CC /* PBXTargetDependency */,
			);
			name = MockYouTubeAppUITests;
			productName = MockYouTubeAppUITests;
			productReference = 0C0EBA52263B12A60094C2CC /* MockYouTubeAppUITests.xctest */;
			productType = "com.apple.product-type.bundle.ui-testing";
		};
/* End PBXNativeTarget section */

/* Begin PBXProject section */
		0C0EBA29263B12A10094C2CC /* Project object */ = {
			isa = PBXProject;
			attributes = {
				LastSwiftUpdateCheck = 1200;
				LastUpgradeCheck = 1200;
				TargetAttributes = {
					0C0EBA30263B12A10094C2CC = {
						CreatedOnToolsVersion = 12.0.1;
					};
					0C0EBA46263B12A60094C2CC = {
						CreatedOnToolsVersion = 12.0.1;
						TestTargetID = 0C0EBA30263B12A10094C2CC;
					};
					0C0EBA51263B12A60094C2CC = {
						CreatedOnToolsVersion = 12.0.1;
						TestTargetID = 0C0EBA30263B12A10094C2CC;
					};
				};
			};
			buildConfigurationList = 0C0EBA2C263B12A10094C2CC /* Build configuration list for PBXProject "MockYouTubeApp" */;
			compatibilityVersion = "Xcode 9.3";
			developmentRegion = en;
			hasScannedForEncodings = 0;
			knownRegions = (
				en,
				Base,
			);
			mainGroup = 0C0EBA28263B12A10094C2CC;
			productRefGroup = 0C0EBA32263B12A20094C2CC /* Products */;
			projectDirPath = "";
			projectRoot = "";
			targets = (
				0C0EBA30263B12A10094C2CC /* MockYouTubeApp */,
				0C0EBA46263B12A60094C2CC /* MockYouTubeAppTests */,
				0C0EBA51263B12A60094C2CC /* MockYouTubeAppUITests */,
			);
		};
/* End PBXProject section */

/* Begin PBXResourcesBuildPhase section */
		0C0EBA2F263B12A10094C2CC /* Resources */ = {
			isa = PBXResourcesBuildPhase;
			buildActionMask = 2147483647;
			files = (
				0C0EBA41263B12A60094C2CC /* LaunchScreen.storyboard in Resources */,
				0C0EBA7A263B178F0094C2CC /* VideoListCell.xib in Resources */,
				0C5A2D0C263EDE1300EF0F16 /* Channel.storyboard in Resources */,
				0C0EBA3E263B12A60094C2CC /* Assets.xcassets in Resources */,
				0C5A2D16263EDE8700EF0F16 /* Library.storyboard in Resources */,
				0C03F3BE263D86A700202A55 /* BaseTabBar.storyboard in Resources */,
				0CAE7E972649B82E0069DD2C /* Video.storyboard in Resources */,
				0C46EC9D26403B4200B565CF /* AttensionCollectionViewCell.xib in Resources */,
				0C5A2D07263EDDC900EF0F16 /* Search.storyboard in Resources */,
				0C0EBA3C263B12A20094C2CC /* Home.storyboard in Resources */,
				0C5A2D11263EDE7300EF0F16 /* Inbox.storyboard in Resources */,
			);
			runOnlyForDeploymentPostprocessing = 0;
		};
		0C0EBA45263B12A60094C2CC /* Resources */ = {
			isa = PBXResourcesBuildPhase;
			buildActionMask = 2147483647;
			files = (
			);
			runOnlyForDeploymentPostprocessing = 0;
		};
		0C0EBA50263B12A60094C2CC /* Resources */ = {
			isa = PBXResourcesBuildPhase;
			buildActionMask = 2147483647;
			files = (
			);
			runOnlyForDeploymentPostprocessing = 0;
		};
/* End PBXResourcesBuildPhase section */

/* Begin PBXShellScriptBuildPhase section */
		0C8C3FAEC669D186D4D941FE /* [CP] Check Pods Manifest.lock */ = {
			isa = PBXShellScriptBuildPhase;
			buildActionMask = 2147483647;
			files = (
			);
			inputFileListPaths = (
			);
			inputPaths = (
				"${PODS_PODFILE_DIR_PATH}/Podfile.lock",
				"${PODS_ROOT}/Manifest.lock",
			);
			name = "[CP] Check Pods Manifest.lock";
			outputFileListPaths = (
			);
			outputPaths = (
				"$(DERIVED_FILE_DIR)/Pods-MockYouTubeApp-MockYouTubeAppUITests-checkManifestLockResult.txt",
			);
			runOnlyForDeploymentPostprocessing = 0;
			shellPath = /bin/sh;
			shellScript = "diff \"${PODS_PODFILE_DIR_PATH}/Podfile.lock\" \"${PODS_ROOT}/Manifest.lock\" > /dev/null\nif [ $? != 0 ] ; then\n    # print error to STDERR\n    echo \"error: The sandbox is not in sync with the Podfile.lock. Run 'pod install' or update your CocoaPods installation.\" >&2\n    exit 1\nfi\n# This output is used by Xcode 'outputs' to avoid re-running this script phase.\necho \"SUCCESS\" > \"${SCRIPT_OUTPUT_FILE_0}\"\n";
			showEnvVarsInLog = 0;
		};
		633C4015CBAF27E84CE524EC /* [CP] Embed Pods Frameworks */ = {
			isa = PBXShellScriptBuildPhase;
			buildActionMask = 2147483647;
			files = (
			);
			inputFileListPaths = (
				"${PODS_ROOT}/Target Support Files/Pods-MockYouTubeApp-MockYouTubeAppUITests/Pods-MockYouTubeApp-MockYouTubeAppUITests-frameworks-${CONFIGURATION}-input-files.xcfilelist",
			);
			name = "[CP] Embed Pods Frameworks";
			outputFileListPaths = (
				"${PODS_ROOT}/Target Support Files/Pods-MockYouTubeApp-MockYouTubeAppUITests/Pods-MockYouTubeApp-MockYouTubeAppUITests-frameworks-${CONFIGURATION}-output-files.xcfilelist",
			);
			runOnlyForDeploymentPostprocessing = 0;
			shellPath = /bin/sh;
			shellScript = "\"${PODS_ROOT}/Target Support Files/Pods-MockYouTubeApp-MockYouTubeAppUITests/Pods-MockYouTubeApp-MockYouTubeAppUITests-frameworks.sh\"\n";
			showEnvVarsInLog = 0;
		};
		B4197E2C134F4AD3E8EFB232 /* [CP] Check Pods Manifest.lock */ = {
			isa = PBXShellScriptBuildPhase;
			buildActionMask = 2147483647;
			files = (
			);
			inputFileListPaths = (
			);
			inputPaths = (
				"${PODS_PODFILE_DIR_PATH}/Podfile.lock",
				"${PODS_ROOT}/Manifest.lock",
			);
			name = "[CP] Check Pods Manifest.lock";
			outputFileListPaths = (
			);
			outputPaths = (
				"$(DERIVED_FILE_DIR)/Pods-MockYouTubeAppTests-checkManifestLockResult.txt",
			);
			runOnlyForDeploymentPostprocessing = 0;
			shellPath = /bin/sh;
			shellScript = "diff \"${PODS_PODFILE_DIR_PATH}/Podfile.lock\" \"${PODS_ROOT}/Manifest.lock\" > /dev/null\nif [ $? != 0 ] ; then\n    # print error to STDERR\n    echo \"error: The sandbox is not in sync with the Podfile.lock. Run 'pod install' or update your CocoaPods installation.\" >&2\n    exit 1\nfi\n# This output is used by Xcode 'outputs' to avoid re-running this script phase.\necho \"SUCCESS\" > \"${SCRIPT_OUTPUT_FILE_0}\"\n";
			showEnvVarsInLog = 0;
		};
		D15DE3681FC0F024B6BA5689 /* [CP] Embed Pods Frameworks */ = {
			isa = PBXShellScriptBuildPhase;
			buildActionMask = 2147483647;
			files = (
			);
			inputFileListPaths = (
				"${PODS_ROOT}/Target Support Files/Pods-MockYouTubeApp/Pods-MockYouTubeApp-frameworks-${CONFIGURATION}-input-files.xcfilelist",
			);
			name = "[CP] Embed Pods Frameworks";
			outputFileListPaths = (
				"${PODS_ROOT}/Target Support Files/Pods-MockYouTubeApp/Pods-MockYouTubeApp-frameworks-${CONFIGURATION}-output-files.xcfilelist",
			);
			runOnlyForDeploymentPostprocessing = 0;
			shellPath = /bin/sh;
			shellScript = "\"${PODS_ROOT}/Target Support Files/Pods-MockYouTubeApp/Pods-MockYouTubeApp-frameworks.sh\"\n";
			showEnvVarsInLog = 0;
		};
		DC4AA10377AF19FA7E265076 /* [CP] Check Pods Manifest.lock */ = {
			isa = PBXShellScriptBuildPhase;
			buildActionMask = 2147483647;
			files = (
			);
			inputFileListPaths = (
			);
			inputPaths = (
				"${PODS_PODFILE_DIR_PATH}/Podfile.lock",
				"${PODS_ROOT}/Manifest.lock",
			);
			name = "[CP] Check Pods Manifest.lock";
			outputFileListPaths = (
			);
			outputPaths = (
				"$(DERIVED_FILE_DIR)/Pods-MockYouTubeApp-checkManifestLockResult.txt",
			);
			runOnlyForDeploymentPostprocessing = 0;
			shellPath = /bin/sh;
			shellScript = "diff \"${PODS_PODFILE_DIR_PATH}/Podfile.lock\" \"${PODS_ROOT}/Manifest.lock\" > /dev/null\nif [ $? != 0 ] ; then\n    # print error to STDERR\n    echo \"error: The sandbox is not in sync with the Podfile.lock. Run 'pod install' or update your CocoaPods installation.\" >&2\n    exit 1\nfi\n# This output is used by Xcode 'outputs' to avoid re-running this script phase.\necho \"SUCCESS\" > \"${SCRIPT_OUTPUT_FILE_0}\"\n";
			showEnvVarsInLog = 0;
		};
/* End PBXShellScriptBuildPhase section */

/* Begin PBXSourcesBuildPhase section */
		0C0EBA2D263B12A10094C2CC /* Sources */ = {
			isa = PBXSourcesBuildPhase;
			buildActionMask = 2147483647;
			files = (
				0C0EBA39263B12A20094C2CC /* VideoListController.swift in Sources */,
				0C46EC9826403AD500B565CF /* AttensionCollectionViewCell.swift in Sources */,
				0C742C3C26415ABC00BF5ACE /* VideoViewController.swift in Sources */,
				0C46EC90264032CB00B565CF /* AttensionCell.swift in Sources */,
				0C3C1FAF263C0D6100238732 /* API.swift in Sources */,
				0CCA74A6263BD52A00C33606 /* Channel.swift in Sources */,
				0C03F3C9263D88B200202A55 /* BaseTabBarController.swift in Sources */,
				0C03F3D3263D901C00202A55 /* UIImage-extension.swift in Sources */,
				0C0EBA69263B16A40094C2CC /* VideoListCell.swift in Sources */,
				0C0EBA35263B12A20094C2CC /* AppDelegate.swift in Sources */,
				0C0EBA37263B12A20094C2CC /* SceneDelegate.swift in Sources */,
				0C0EBA8D263B2D380094C2CC /* Video.swift in Sources */,
			);
			runOnlyForDeploymentPostprocessing = 0;
		};
		0C0EBA43263B12A60094C2CC /* Sources */ = {
			isa = PBXSourcesBuildPhase;
			buildActionMask = 2147483647;
			files = (
				0C0EBA4C263B12A60094C2CC /* MockYouTubeAppTests.swift in Sources */,
			);
			runOnlyForDeploymentPostprocessing = 0;
		};
		0C0EBA4E263B12A60094C2CC /* Sources */ = {
			isa = PBXSourcesBuildPhase;
			buildActionMask = 2147483647;
			files = (
				0C0EBA57263B12A60094C2CC /* MockYouTubeAppUITests.swift in Sources */,
			);
			runOnlyForDeploymentPostprocessing = 0;
		};
/* End PBXSourcesBuildPhase section */

/* Begin PBXTargetDependency section */
		0C0EBA49263B12A60094C2CC /* PBXTargetDependency */ = {
			isa = PBXTargetDependency;
			target = 0C0EBA30263B12A10094C2CC /* MockYouTubeApp */;
			targetProxy = 0C0EBA48263B12A60094C2CC /* PBXContainerItemProxy */;
		};
		0C0EBA54263B12A60094C2CC /* PBXTargetDependency */ = {
			isa = PBXTargetDependency;
			target = 0C0EBA30263B12A10094C2CC /* MockYouTubeApp */;
			targetProxy = 0C0EBA53263B12A60094C2CC /* PBXContainerItemProxy */;
		};
/* End PBXTargetDependency section */

/* Begin PBXVariantGroup section */
		0C0EBA3A263B12A20094C2CC /* Home.storyboard */ = {
			isa = PBXVariantGroup;
			children = (
				0C0EBA3B263B12A20094C2CC /* Base */,
			);
			name = Home.storyboard;
			sourceTree = "<group>";
		};
		0C0EBA3F263B12A60094C2CC /* LaunchScreen.storyboard */ = {
			isa = PBXVariantGroup;
			children = (
				0C0EBA40263B12A60094C2CC /* Base */,
			);
			name = LaunchScreen.storyboard;
			sourceTree = "<group>";
		};
/* End PBXVariantGroup section */

/* Begin XCBuildConfiguration section */
		0C0EBA59263B12A60094C2CC /* Debug */ = {
			isa = XCBuildConfiguration;
			buildSettings = {
				ALWAYS_SEARCH_USER_PATHS = NO;
				CLANG_ANALYZER_NONNULL = YES;
				CLANG_ANALYZER_NUMBER_OBJECT_CONVERSION = YES_AGGRESSIVE;
				CLANG_CXX_LANGUAGE_STANDARD = "gnu++14";
				CLANG_CXX_LIBRARY = "libc++";
				CLANG_ENABLE_MODULES = YES;
				CLANG_ENABLE_OBJC_ARC = YES;
				CLANG_ENABLE_OBJC_WEAK = YES;
				CLANG_WARN_BLOCK_CAPTURE_AUTORELEASING = YES;
				CLANG_WARN_BOOL_CONVERSION = YES;
				CLANG_WARN_COMMA = YES;
				CLANG_WARN_CONSTANT_CONVERSION = YES;
				CLANG_WARN_DEPRECATED_OBJC_IMPLEMENTATIONS = YES;
				CLANG_WARN_DIRECT_OBJC_ISA_USAGE = YES_ERROR;
				CLANG_WARN_DOCUMENTATION_COMMENTS = YES;
				CLANG_WARN_EMPTY_BODY = YES;
				CLANG_WARN_ENUM_CONVERSION = YES;
				CLANG_WARN_INFINITE_RECURSION = YES;
				CLANG_WARN_INT_CONVERSION = YES;
				CLANG_WARN_NON_LITERAL_NULL_CONVERSION = YES;
				CLANG_WARN_OBJC_IMPLICIT_RETAIN_SELF = YES;
				CLANG_WARN_OBJC_LITERAL_CONVERSION = YES;
				CLANG_WARN_OBJC_ROOT_CLASS = YES_ERROR;
				CLANG_WARN_QUOTED_INCLUDE_IN_FRAMEWORK_HEADER = YES;
				CLANG_WARN_RANGE_LOOP_ANALYSIS = YES;
				CLANG_WARN_STRICT_PROTOTYPES = YES;
				CLANG_WARN_SUSPICIOUS_MOVE = YES;
				CLANG_WARN_UNGUARDED_AVAILABILITY = YES_AGGRESSIVE;
				CLANG_WARN_UNREACHABLE_CODE = YES;
				CLANG_WARN__DUPLICATE_METHOD_MATCH = YES;
				COPY_PHASE_STRIP = NO;
				DEBUG_INFORMATION_FORMAT = dwarf;
				ENABLE_STRICT_OBJC_MSGSEND = YES;
				ENABLE_TESTABILITY = YES;
				GCC_C_LANGUAGE_STANDARD = gnu11;
				GCC_DYNAMIC_NO_PIC = NO;
				GCC_NO_COMMON_BLOCKS = YES;
				GCC_OPTIMIZATION_LEVEL = 0;
				GCC_PREPROCESSOR_DEFINITIONS = (
					"DEBUG=1",
					"$(inherited)",
				);
				GCC_WARN_64_TO_32_BIT_CONVERSION = YES;
				GCC_WARN_ABOUT_RETURN_TYPE = YES_ERROR;
				GCC_WARN_UNDECLARED_SELECTOR = YES;
				GCC_WARN_UNINITIALIZED_AUTOS = YES_AGGRESSIVE;
				GCC_WARN_UNUSED_FUNCTION = YES;
				GCC_WARN_UNUSED_VARIABLE = YES;
				IPHONEOS_DEPLOYMENT_TARGET = 14.0;
				MTL_ENABLE_DEBUG_INFO = INCLUDE_SOURCE;
				MTL_FAST_MATH = YES;
				ONLY_ACTIVE_ARCH = YES;
				SDKROOT = iphoneos;
				SWIFT_ACTIVE_COMPILATION_CONDITIONS = DEBUG;
				SWIFT_OPTIMIZATION_LEVEL = "-Onone";
			};
			name = Debug;
		};
		0C0EBA5A263B12A60094C2CC /* Release */ = {
			isa = XCBuildConfiguration;
			buildSettings = {
				ALWAYS_SEARCH_USER_PATHS = NO;
				CLANG_ANALYZER_NONNULL = YES;
				CLANG_ANALYZER_NUMBER_OBJECT_CONVERSION = YES_AGGRESSIVE;
				CLANG_CXX_LANGUAGE_STANDARD = "gnu++14";
				CLANG_CXX_LIBRARY = "libc++";
				CLANG_ENABLE_MODULES = YES;
				CLANG_ENABLE_OBJC_ARC = YES;
				CLANG_ENABLE_OBJC_WEAK = YES;
				CLANG_WARN_BLOCK_CAPTURE_AUTORELEASING = YES;
				CLANG_WARN_BOOL_CONVERSION = YES;
				CLANG_WARN_COMMA = YES;
				CLANG_WARN_CONSTANT_CONVERSION = YES;
				CLANG_WARN_DEPRECATED_OBJC_IMPLEMENTATIONS = YES;
				CLANG_WARN_DIRECT_OBJC_ISA_USAGE = YES_ERROR;
				CLANG_WARN_DOCUMENTATION_COMMENTS = YES;
				CLANG_WARN_EMPTY_BODY = YES;
				CLANG_WARN_ENUM_CONVERSION = YES;
				CLANG_WARN_INFINITE_RECURSION = YES;
				CLANG_WARN_INT_CONVERSION = YES;
				CLANG_WARN_NON_LITERAL_NULL_CONVERSION = YES;
				CLANG_WARN_OBJC_IMPLICIT_RETAIN_SELF = YES;
				CLANG_WARN_OBJC_LITERAL_CONVERSION = YES;
				CLANG_WARN_OBJC_ROOT_CLASS = YES_ERROR;
				CLANG_WARN_QUOTED_INCLUDE_IN_FRAMEWORK_HEADER = YES;
				CLANG_WARN_RANGE_LOOP_ANALYSIS = YES;
				CLANG_WARN_STRICT_PROTOTYPES = YES;
				CLANG_WARN_SUSPICIOUS_MOVE = YES;
				CLANG_WARN_UNGUARDED_AVAILABILITY = YES_AGGRESSIVE;
				CLANG_WARN_UNREACHABLE_CODE = YES;
				CLANG_WARN__DUPLICATE_METHOD_MATCH = YES;
				COPY_PHASE_STRIP = NO;
				DEBUG_INFORMATION_FORMAT = "dwarf-with-dsym";
				ENABLE_NS_ASSERTIONS = NO;
				ENABLE_STRICT_OBJC_MSGSEND = YES;
				GCC_C_LANGUAGE_STANDARD = gnu11;
				GCC_NO_COMMON_BLOCKS = YES;
				GCC_WARN_64_TO_32_BIT_CONVERSION = YES;
				GCC_WARN_ABOUT_RETURN_TYPE = YES_ERROR;
				GCC_WARN_UNDECLARED_SELECTOR = YES;
				GCC_WARN_UNINITIALIZED_AUTOS = YES_AGGRESSIVE;
				GCC_WARN_UNUSED_FUNCTION = YES;
				GCC_WARN_UNUSED_VARIABLE = YES;
				IPHONEOS_DEPLOYMENT_TARGET = 14.0;
				MTL_ENABLE_DEBUG_INFO = NO;
				MTL_FAST_MATH = YES;
				SDKROOT = iphoneos;
				SWIFT_COMPILATION_MODE = wholemodule;
				SWIFT_OPTIMIZATION_LEVEL = "-O";
				VALIDATE_PRODUCT = YES;
			};
			name = Release;
		};
		0C0EBA5C263B12A60094C2CC /* Debug */ = {
			isa = XCBuildConfiguration;
			baseConfigurationReference = BA0C8F794CA68B97B66C0F45 /* Pods-MockYouTubeApp.debug.xcconfig */;
			buildSettings = {
				ASSETCATALOG_COMPILER_APPICON_NAME = AppIcon;
				ASSETCATALOG_COMPILER_GLOBAL_ACCENT_COLOR_NAME = AccentColor;
				CODE_SIGN_STYLE = Automatic;
				DEVELOPMENT_TEAM = C7JHAVL8Y3;
				INFOPLIST_FILE = MockYouTubeApp/Info.plist;
				LD_RUNPATH_SEARCH_PATHS = (
					"$(inherited)",
					"@executable_path/Frameworks",
				);
				PRODUCT_BUNDLE_IDENTIFIER = Yoti.MockYouTubeApp;
				PRODUCT_NAME = "$(TARGET_NAME)";
				SWIFT_VERSION = 5.0;
				TARGETED_DEVICE_FAMILY = "1,2";
			};
			name = Debug;
		};
		0C0EBA5D263B12A60094C2CC /* Release */ = {
			isa = XCBuildConfiguration;
			baseConfigurationReference = DBE287938987D4055020671D /* Pods-MockYouTubeApp.release.xcconfig */;
			buildSettings = {
				ASSETCATALOG_COMPILER_APPICON_NAME = AppIcon;
				ASSETCATALOG_COMPILER_GLOBAL_ACCENT_COLOR_NAME = AccentColor;
				CODE_SIGN_STYLE = Automatic;
				DEVELOPMENT_TEAM = C7JHAVL8Y3;
				INFOPLIST_FILE = MockYouTubeApp/Info.plist;
				LD_RUNPATH_SEARCH_PATHS = (
					"$(inherited)",
					"@executable_path/Frameworks",
				);
				PRODUCT_BUNDLE_IDENTIFIER = Yoti.MockYouTubeApp;
				PRODUCT_NAME = "$(TARGET_NAME)";
				SWIFT_VERSION = 5.0;
				TARGETED_DEVICE_FAMILY = "1,2";
			};
			name = Release;
		};
		0C0EBA5F263B12A60094C2CC /* Debug */ = {
			isa = XCBuildConfiguration;
			baseConfigurationReference = CAB4DD61CD60FF0106C03054 /* Pods-MockYouTubeAppTests.debug.xcconfig */;
			buildSettings = {
				ALWAYS_EMBED_SWIFT_STANDARD_LIBRARIES = YES;
				BUNDLE_LOADER = "$(TEST_HOST)";
				CODE_SIGN_STYLE = Automatic;
				DEVELOPMENT_TEAM = C7JHAVL8Y3;
				INFOPLIST_FILE = MockYouTubeAppTests/Info.plist;
				IPHONEOS_DEPLOYMENT_TARGET = 14.0;
				LD_RUNPATH_SEARCH_PATHS = (
					"$(inherited)",
					"@executable_path/Frameworks",
					"@loader_path/Frameworks",
				);
				PRODUCT_BUNDLE_IDENTIFIER = Yoti.MockYouTubeAppTests;
				PRODUCT_NAME = "$(TARGET_NAME)";
				SWIFT_VERSION = 5.0;
				TARGETED_DEVICE_FAMILY = "1,2";
				TEST_HOST = "$(BUILT_PRODUCTS_DIR)/MockYouTubeApp.app/MockYouTubeApp";
			};
			name = Debug;
		};
		0C0EBA60263B12A60094C2CC /* Release */ = {
			isa = XCBuildConfiguration;
			baseConfigurationReference = 2E7336FB9B8DB6110F382B34 /* Pods-MockYouTubeAppTests.release.xcconfig */;
			buildSettings = {
				ALWAYS_EMBED_SWIFT_STANDARD_LIBRARIES = YES;
				BUNDLE_LOADER = "$(TEST_HOST)";
				CODE_SIGN_STYLE = Automatic;
				DEVELOPMENT_TEAM = C7JHAVL8Y3;
				INFOPLIST_FILE = MockYouTubeAppTests/Info.plist;
				IPHONEOS_DEPLOYMENT_TARGET = 14.0;
				LD_RUNPATH_SEARCH_PATHS = (
					"$(inherited)",
					"@executable_path/Frameworks",
					"@loader_path/Frameworks",
				);
				PRODUCT_BUNDLE_IDENTIFIER = Yoti.MockYouTubeAppTests;
				PRODUCT_NAME = "$(TARGET_NAME)";
				SWIFT_VERSION = 5.0;
				TARGETED_DEVICE_FAMILY = "1,2";
				TEST_HOST = "$(BUILT_PRODUCTS_DIR)/MockYouTubeApp.app/MockYouTubeApp";
			};
			name = Release;
		};
		0C0EBA62263B12A60094C2CC /* Debug */ = {
			isa = XCBuildConfiguration;
			baseConfigurationReference = 34D575FC8D1C863F718D24B0 /* Pods-MockYouTubeApp-MockYouTubeAppUITests.debug.xcconfig */;
			buildSettings = {
				ALWAYS_EMBED_SWIFT_STANDARD_LIBRARIES = YES;
				CODE_SIGN_STYLE = Automatic;
				DEVELOPMENT_TEAM = C7JHAVL8Y3;
				INFOPLIST_FILE = MockYouTubeAppUITests/Info.plist;
				LD_RUNPATH_SEARCH_PATHS = (
					"$(inherited)",
					"@executable_path/Frameworks",
					"@loader_path/Frameworks",
				);
				PRODUCT_BUNDLE_IDENTIFIER = Yoti.MockYouTubeAppUITests;
				PRODUCT_NAME = "$(TARGET_NAME)";
				SWIFT_VERSION = 5.0;
				TARGETED_DEVICE_FAMILY = "1,2";
				TEST_TARGET_NAME = MockYouTubeApp;
			};
			name = Debug;
		};
		0C0EBA63263B12A60094C2CC /* Release */ = {
			isa = XCBuildConfiguration;
			baseConfigurationReference = 991C4116A0ACD95A00F31CB6 /* Pods-MockYouTubeApp-MockYouTubeAppUITests.release.xcconfig */;
			buildSettings = {
				ALWAYS_EMBED_SWIFT_STANDARD_LIBRARIES = YES;
				CODE_SIGN_STYLE = Automatic;
				DEVELOPMENT_TEAM = C7JHAVL8Y3;
				INFOPLIST_FILE = MockYouTubeAppUITests/Info.plist;
				LD_RUNPATH_SEARCH_PATHS = (
					"$(inherited)",
					"@executable_path/Frameworks",
					"@loader_path/Frameworks",
				);
				PRODUCT_BUNDLE_IDENTIFIER = Yoti.MockYouTubeAppUITests;
				PRODUCT_NAME = "$(TARGET_NAME)";
				SWIFT_VERSION = 5.0;
				TARGETED_DEVICE_FAMILY = "1,2";
				TEST_TARGET_NAME = MockYouTubeApp;
			};
			name = Release;
		};
/* End XCBuildConfiguration section */

/* Begin XCConfigurationList section */
		0C0EBA2C263B12A10094C2CC /* Build configuration list for PBXProject "MockYouTubeApp" */ = {
			isa = XCConfigurationList;
			buildConfigurations = (
				0C0EBA59263B12A60094C2CC /* Debug */,
				0C0EBA5A263B12A60094C2CC /* Release */,
			);
			defaultConfigurationIsVisible = 0;
			defaultConfigurationName = Release;
		};
		0C0EBA5B263B12A60094C2CC /* Build configuration list for PBXNativeTarget "MockYouTubeApp" */ = {
			isa = XCConfigurationList;
			buildConfigurations = (
				0C0EBA5C263B12A60094C2CC /* Debug */,
				0C0EBA5D263B12A60094C2CC /* Release */,
			);
			defaultConfigurationIsVisible = 0;
			defaultConfigurationName = Release;
		};
		0C0EBA5E263B12A60094C2CC /* Build configuration list for PBXNativeTarget "MockYouTubeAppTests" */ = {
			isa = XCConfigurationList;
			buildConfigurations = (
				0C0EBA5F263B12A60094C2CC /* Debug */,
				0C0EBA60263B12A60094C2CC /* Release */,
			);
			defaultConfigurationIsVisible = 0;
			defaultConfigurationName = Release;
		};
		0C0EBA61263B12A60094C2CC /* Build configuration list for PBXNativeTarget "MockYouTubeAppUITests" */ = {
			isa = XCConfigurationList;
			buildConfigurations = (
				0C0EBA62263B12A60094C2CC /* Debug */,
				0C0EBA63263B12A60094C2CC /* Release */,
			);
			defaultConfigurationIsVisible = 0;
			defaultConfigurationName = Release;
		};
/* End XCConfigurationList section */
	};
	rootObject = 0C0EBA29263B12A10094C2CC /* Project object */;
}
